
Microsoft Visual Studio Solution File, Format Version 12.00
# Visual Studio Version 16
VisualStudioVersion = 16.0.28917.181
MinimumVisualStudioVersion = 10.0.40219.1
Project("{FAE04EC0-301F-11D3-BF4B-00C04F79EFBC}") = "PRACTICAL", "PRACTICAL\PRACTICAL.csproj", "{7CEA6B79-24E0-4A9E-BF81-C3704E3C7847}"
EndProject
Global
	GlobalSection(SolutionConfigurationPlatforms) = preSolution
		Debug|Any CPU = Debug|Any CPU
		Release|Any CPU = Release|Any CPU
	EndGlobalSection
	GlobalSection(ProjectConfigurationPlatforms) = postSolution
		{7CEA6B79-24E0-4A9E-BF81-C3704E3C7847}.Debug|Any CPU.ActiveCfg = Debug|Any CPU
		{7CEA6B79-24E0-4A9E-BF81-C3704E3C7847}.Debug|Any CPU.Build.0 = Debug|Any CPU
		{7CEA6B79-24E0-4A9E-BF81-C3704E3C7847}.Release|Any CPU.ActiveCfg = Release|Any CPU
		{7CEA6B79-24E0-4A9E-BF81-C3704E3C7847}.Release|Any CPU.Build.0 = Release|Any CPU
	EndGlobalSection
	GlobalSection(SolutionProperties) = preSolution
		HideSolutionNode = FALSE
	EndGlobalSection
	GlobalSection(ExtensibilityGlobals) = postSolution
		SolutionGuid = {FA47A023-77A5-4134-82D1-9CFA2506FF27}
	EndGlobalSection
EndGlobal
